// !$*UTF8*$!
{
	archiveVersion = 1;
	classes = {
	};
	objectVersion = 50;
	objects = {

/* Begin PBXBuildFile section */
		4031B09822A64D1100F76EF2 /* AppDelegate.swift in Sources */ = {isa = PBXBuildFile; fileRef = 4031B09722A64D1100F76EF2 /* AppDelegate.swift */; };
		4031B09A22A64D1100F76EF2 /* SceneDelegate.swift in Sources */ = {isa = PBXBuildFile; fileRef = 4031B09922A64D1100F76EF2 /* SceneDelegate.swift */; };
		4031B09C22A64D1100F76EF2 /* ContentView.swift in Sources */ = {isa = PBXBuildFile; fileRef = 4031B09B22A64D1100F76EF2 /* ContentView.swift */; };
		4031B09E22A64D1200F76EF2 /* Assets.xcassets in Resources */ = {isa = PBXBuildFile; fileRef = 4031B09D22A64D1200F76EF2 /* Assets.xcassets */; };
		4031B0A122A64D1200F76EF2 /* Preview Assets.xcassets in Resources */ = {isa = PBXBuildFile; fileRef = 4031B0A022A64D1200F76EF2 /* Preview Assets.xcassets */; };
		4031B0A422A64D1200F76EF2 /* LaunchScreen.storyboard in Resources */ = {isa = PBXBuildFile; fileRef = 4031B0A222A64D1200F76EF2 /* LaunchScreen.storyboard */; };
		4031B0AF22A64D1200F76EF2 /* SwitUIColorPickerTests.swift in Sources */ = {isa = PBXBuildFile; fileRef = 4031B0AE22A64D1200F76EF2 /* SwitUIColorPickerTests.swift */; };
		4031B0BB22A64D4F00F76EF2 /* UIImage+ColorPicking.swift in Sources */ = {isa = PBXBuildFile; fileRef = 4031B0BA22A64D4F00F76EF2 /* UIImage+ColorPicking.swift */; };
		4031B0BD22A64D6A00F76EF2 /* ImageColorPicking.swift in Sources */ = {isa = PBXBuildFile; fileRef = 4031B0BC22A64D6A00F76EF2 /* ImageColorPicking.swift */; };
/* End PBXBuildFile section */

/* Begin PBXContainerItemProxy section */
		4031B0AB22A64D1200F76EF2 /* PBXContainerItemProxy */ = {
			isa = PBXContainerItemProxy;
			containerPortal = 4031B08C22A64D1100F76EF2 /* Project object */;
			proxyType = 1;
			remoteGlobalIDString = 4031B09322A64D1100F76EF2;
			remoteInfo = SwitUIColorPicker;
		};
/* End PBXContainerItemProxy section */

/* Begin PBXFileReference section */
		4031B09422A64D1100F76EF2 /* SwitUIColorPicker.app */ = {isa = PBXFileReference; explicitFileType = wrapper.application; includeInIndex = 0; path = SwitUIColorPicker.app; sourceTree = BUILT_PRODUCTS_DIR; };
		4031B09722A64D1100F76EF2 /* AppDelegate.swift */ = {isa = PBXFileReference; lastKnownFileType = sourcecode.swift; path = AppDelegate.swift; sourceTree = "<group>"; };
		4031B09922A64D1100F76EF2 /* SceneDelegate.swift */ = {isa = PBXFileReference; lastKnownFileType = sourcecode.swift; path = SceneDelegate.swift; sourceTree = "<group>"; };
		4031B09B22A64D1100F76EF2 /* ContentView.swift */ = {isa = PBXFileReference; lastKnownFileType = sourcecode.swift; path = ContentView.swift; sourceTree = "<group>"; };
		4031B09D22A64D1200F76EF2 /* Assets.xcassets */ = {isa = PBXFileReference; lastKnownFileType = folder.assetcatalog; path = Assets.xcassets; sourceTree = "<group>"; };
		4031B0A022A64D1200F76EF2 /* Preview Assets.xcassets */ = {isa = PBXFileReference; lastKnownFileType = folder.assetcatalog; path = "Preview Assets.xcassets"; sourceTree = "<group>"; };
		4031B0A322A64D1200F76EF2 /* Base */ = {isa = PBXFileReference; lastKnownFileType = file.storyboard; name = Base; path = Base.lproj/LaunchScreen.storyboard; sourceTree = "<group>"; };
		4031B0A522A64D1200F76EF2 /* Info.plist */ = {isa = PBXFileReference; lastKnownFileType = text.plist.xml; path = Info.plist; sourceTree = "<group>"; };
		4031B0AA22A64D1200F76EF2 /* SwitUIColorPickerTests.xctest */ = {isa = PBXFileReference; explicitFileType = wrapper.cfbundle; includeInIndex = 0; path = SwitUIColorPickerTests.xctest; sourceTree = BUILT_PRODUCTS_DIR; };
		4031B0AE22A64D1200F76EF2 /* SwitUIColorPickerTests.swift */ = {isa = PBXFileReference; lastKnownFileType = sourcecode.swift; path = SwitUIColorPickerTests.swift; sourceTree = "<group>"; };
		4031B0B022A64D1200F76EF2 /* Info.plist */ = {isa = PBXFileReference; lastKnownFileType = text.plist.xml; path = Info.plist; sourceTree = "<group>"; };
		4031B0BA22A64D4F00F76EF2 /* UIImage+ColorPicking.swift */ = {isa = PBXFileReference; lastKnownFileType = sourcecode.swift; path = "UIImage+ColorPicking.swift"; sourceTree = "<group>"; };
		4031B0BC22A64D6A00F76EF2 /* ImageColorPicking.swift */ = {isa = PBXFileReference; lastKnownFileType = sourcecode.swift; path = ImageColorPicking.swift; sourceTree = "<group>"; };
/* End PBXFileReference section */

/* Begin PBXFrameworksBuildPhase section */
		4031B09122A64D1100F76EF2 /* Frameworks */ = {
			isa = PBXFrameworksBuildPhase;
			buildActionMask = 2147483647;
			files = (
			);
			runOnlyForDeploymentPostprocessing = 0;
		};
		4031B0A722A64D1200F76EF2 /* Frameworks */ = {
			isa = PBXFrameworksBuildPhase;
			buildActionMask = 2147483647;
			files = (
			);
			runOnlyForDeploymentPostprocessing = 0;
		};
/* End PBXFrameworksBuildPhase section */

/* Begin PBXGroup section */
		4031B08B22A64D1100F76EF2 = {
			isa = PBXGroup;
			children = (
				4031B09622A64D1100F76EF2 /* SwitUIColorPicker */,
				4031B0AD22A64D1200F76EF2 /* SwitUIColorPickerTests */,
				4031B09522A64D1100F76EF2 /* Products */,
			);
			sourceTree = "<group>";
		};
		4031B09522A64D1100F76EF2 /* Products */ = {
			isa = PBXGroup;
			children = (
				4031B09422A64D1100F76EF2 /* SwitUIColorPicker.app */,
				4031B0AA22A64D1200F76EF2 /* SwitUIColorPickerTests.xctest */,
			);
			name = Products;
			sourceTree = "<group>";
		};
		4031B09622A64D1100F76EF2 /* SwitUIColorPicker */ = {
			isa = PBXGroup;
			children = (
				4031B0B922A64D2C00F76EF2 /* ColorPicker */,
				4031B09722A64D1100F76EF2 /* AppDelegate.swift */,
				4031B09922A64D1100F76EF2 /* SceneDelegate.swift */,
				4031B09B22A64D1100F76EF2 /* ContentView.swift */,
				4031B09D22A64D1200F76EF2 /* Assets.xcassets */,
				4031B0A222A64D1200F76EF2 /* LaunchScreen.storyboard */,
				4031B0A522A64D1200F76EF2 /* Info.plist */,
				4031B09F22A64D1200F76EF2 /* Preview Content */,
			);
			path = SwitUIColorPicker;
			sourceTree = "<group>";
		};
		4031B09F22A64D1200F76EF2 /* Preview Content */ = {
			isa = PBXGroup;
			children = (
				4031B0A022A64D1200F76EF2 /* Preview Assets.xcassets */,
			);
			path = "Preview Content";
			sourceTree = "<group>";
		};
		4031B0AD22A64D1200F76EF2 /* SwitUIColorPickerTests */ = {
			isa = PBXGroup;
			children = (
				4031B0AE22A64D1200F76EF2 /* SwitUIColorPickerTests.swift */,
				4031B0B022A64D1200F76EF2 /* Info.plist */,
			);
			path = SwitUIColorPickerTests;
			sourceTree = "<group>";
		};
		4031B0B922A64D2C00F76EF2 /* ColorPicker */ = {
			isa = PBXGroup;
			children = (
				4031B0BA22A64D4F00F76EF2 /* UIImage+ColorPicking.swift */,
				4031B0BC22A64D6A00F76EF2 /* ImageColorPicking.swift */,
			);
			path = ColorPicker;
			sourceTree = "<group>";
		};
/* End PBXGroup section */

/* Begin PBXNativeTarget section */
		4031B09322A64D1100F76EF2 /* SwitUIColorPicker */ = {
			isa = PBXNativeTarget;
			buildConfigurationList = 4031B0B322A64D1200F76EF2 /* Build configuration list for PBXNativeTarget "SwitUIColorPicker" */;
			buildPhases = (
				4031B09022A64D1100F76EF2 /* Sources */,
				4031B09122A64D1100F76EF2 /* Frameworks */,
				4031B09222A64D1100F76EF2 /* Resources */,
			);
			buildRules = (
			);
			dependencies = (
			);
			name = SwitUIColorPicker;
			productName = SwitUIColorPicker;
			productReference = 4031B09422A64D1100F76EF2 /* SwitUIColorPicker.app */;
			productType = "com.apple.product-type.application";
		};
		4031B0A922A64D1200F76EF2 /* SwitUIColorPickerTests */ = {
			isa = PBXNativeTarget;
			buildConfigurationList = 4031B0B622A64D1200F76EF2 /* Build configuration list for PBXNativeTarget "SwitUIColorPickerTests" */;
			buildPhases = (
				4031B0A622A64D1200F76EF2 /* Sources */,
				4031B0A722A64D1200F76EF2 /* Frameworks */,
				4031B0A822A64D1200F76EF2 /* Resources */,
			);
			buildRules = (
			);
			dependencies = (
				4031B0AC22A64D1200F76EF2 /* PBXTargetDependency */,
			);
			name = SwitUIColorPickerTests;
			productName = SwitUIColorPickerTests;
			productReference = 4031B0AA22A64D1200F76EF2 /* SwitUIColorPickerTests.xctest */;
			productType = "com.apple.product-type.bundle.unit-test";
		};
/* End PBXNativeTarget section */

/* Begin PBXProject section */
		4031B08C22A64D1100F76EF2 /* Project object */ = {
			isa = PBXProject;
			attributes = {
				LastSwiftUpdateCheck = 1100;
				LastUpgradeCheck = 1100;
				ORGANIZATIONNAME = AlexChase;
				TargetAttributes = {
					4031B09322A64D1100F76EF2 = {
						CreatedOnToolsVersion = 11.0;
					};
					4031B0A922A64D1200F76EF2 = {
						CreatedOnToolsVersion = 11.0;
						TestTargetID = 4031B09322A64D1100F76EF2;
					};
				};
			};
			buildConfigurationList = 4031B08F22A64D1100F76EF2 /* Build configuration list for PBXProject "SwitUIColorPicker" */;
			compatibilityVersion = "Xcode 9.3";
			developmentRegion = en;
			hasScannedForEncodings = 0;
			knownRegions = (
				en,
				Base,
			);
			mainGroup = 4031B08B22A64D1100F76EF2;
			productRefGroup = 4031B09522A64D1100F76EF2 /* Products */;
			projectDirPath = "";
			projectRoot = "";
			targets = (
				4031B09322A64D1100F76EF2 /* SwitUIColorPicker */,
				4031B0A922A64D1200F76EF2 /* SwitUIColorPickerTests */,
			);
		};
/* End PBXProject section */

/* Begin PBXResourcesBuildPhase section */
		4031B09222A64D1100F76EF2 /* Resources */ = {
			isa = PBXResourcesBuildPhase;
			buildActionMask = 2147483647;
			files = (
				4031B0A422A64D1200F76EF2 /* LaunchScreen.storyboard in Resources */,
				4031B0A122A64D1200F76EF2 /* Preview Assets.xcassets in Resources */,
				4031B09E22A64D1200F76EF2 /* Assets.xcassets in Resources */,
			);
			runOnlyForDeploymentPostprocessing = 0;
		};
		4031B0A822A64D1200F76EF2 /* Resources */ = {
			isa = PBXResourcesBuildPhase;
			buildActionMask = 2147483647;
			files = (
			);
			runOnlyForDeploymentPostprocessing = 0;
		};
/* End PBXResourcesBuildPhase section */

/* Begin PBXSourcesBuildPhase section */
		4031B09022A64D1100F76EF2 /* Sources */ = {
			isa = PBXSourcesBuildPhase;
			buildActionMask = 2147483647;
			files = (
				4031B0BD22A64D6A00F76EF2 /* ImageColorPicking.swift in Sources */,
				4031B09822A64D1100F76EF2 /* AppDelegate.swift in Sources */,
				4031B0BB22A64D4F00F76EF2 /* UIImage+ColorPicking.swift in Sources */,
				4031B09A22A64D1100F76EF2 /* SceneDelegate.swift in Sources */,
				4031B09C22A64D1100F76EF2 /* ContentView.swift in Sources */,
			);
			runOnlyForDeploymentPostprocessing = 0;
		};
		4031B0A622A64D1200F76EF2 /* Sources */ = {
			isa = PBXSourcesBuildPhase;
			buildActionMask = 2147483647;
			files = (
				4031B0AF22A64D1200F76EF2 /* SwitUIColorPickerTests.swift in Sources */,
			);
			runOnlyForDeploymentPostprocessing = 0;
		};
/* End PBXSourcesBuildPhase section */

/* Begin PBXTargetDependency section */
		4031B0AC22A64D1200F76EF2 /* PBXTargetDependency */ = {
			isa = PBXTargetDependency;
			target = 4031B09322A64D1100F76EF2 /* SwitUIColorPicker */;
			targetProxy = 4031B0AB22A64D1200F76EF2 /* PBXContainerItemProxy */;
		};
/* End PBXTargetDependency section */

/* Begin PBXVariantGroup section */
		4031B0A222A64D1200F76EF2 /* LaunchScreen.storyboard */ = {
			isa = PBXVariantGroup;
			children = (
				4031B0A322A64D1200F76EF2 /* Base */,
			);
			name = LaunchScreen.storyboard;
			sourceTree = "<group>";
		};
/* End PBXVariantGroup section */

/* Begin XCBuildConfiguration section */
		4031B0B122A64D1200F76EF2 /* Debug */ = {
			isa = XCBuildConfiguration;
			buildSettings = {
				ALWAYS_SEARCH_USER_PATHS = NO;
				CLANG_ANALYZER_NONNULL = YES;
				CLANG_ANALYZER_NUMBER_OBJECT_CONVERSION = YES_AGGRESSIVE;
				CLANG_CXX_LANGUAGE_STANDARD = "gnu++14";
				CLANG_CXX_LIBRARY = "libc++";
				CLANG_ENABLE_MODULES = YES;
				CLANG_ENABLE_OBJC_ARC = YES;
				CLANG_ENABLE_OBJC_WEAK = YES;
				CLANG_WARN_BLOCK_CAPTURE_AUTORELEASING = YES;
				CLANG_WARN_BOOL_CONVERSION = YES;
				CLANG_WARN_COMMA = YES;
				CLANG_WARN_CONSTANT_CONVERSION = YES;
				CLANG_WARN_DEPRECATED_OBJC_IMPLEMENTATIONS = YES;
				CLANG_WARN_DIRECT_OBJC_ISA_USAGE = YES_ERROR;
				CLANG_WARN_DOCUMENTATION_COMMENTS = YES;
				CLANG_WARN_EMPTY_BODY = YES;
				CLANG_WARN_ENUM_CONVERSION = YES;
				CLANG_WARN_INFINITE_RECURSION = YES;
				CLANG_WARN_INT_CONVERSION = YES;
				CLANG_WARN_NON_LITERAL_NULL_CONVERSION = YES;
				CLANG_WARN_OBJC_IMPLICIT_RETAIN_SELF = YES;
				CLANG_WARN_OBJC_LITERAL_CONVERSION = YES;
				CLANG_WARN_OBJC_ROOT_CLASS = YES_ERROR;
				CLANG_WARN_RANGE_LOOP_ANALYSIS = YES;
				CLANG_WARN_STRICT_PROTOTYPES = YES;
				CLANG_WARN_SUSPICIOUS_MOVE = YES;
				CLANG_WARN_UNGUARDED_AVAILABILITY = YES_AGGRESSIVE;
				CLANG_WARN_UNREACHABLE_CODE = YES;
				CLANG_WARN__DUPLICATE_METHOD_MATCH = YES;
				COPY_PHASE_STRIP = NO;
				DEBUG_INFORMATION_FORMAT = dwarf;
				ENABLE_STRICT_OBJC_MSGSEND = YES;
				ENABLE_TESTABILITY = YES;
				GCC_C_LANGUAGE_STANDARD = gnu11;
				GCC_DYNAMIC_NO_PIC = NO;
				GCC_NO_COMMON_BLOCKS = YES;
				GCC_OPTIMIZATION_LEVEL = 0;
				GCC_PREPROCESSOR_DEFINITIONS = (
					"DEBUG=1",
					"$(inherited)",
				);
				GCC_WARN_64_TO_32_BIT_CONVERSION = YES;
				GCC_WARN_ABOUT_RETURN_TYPE = YES_ERROR;
				GCC_WARN_UNDECLARED_SELECTOR = YES;
				GCC_WARN_UNINITIALIZED_AUTOS = YES_AGGRESSIVE;
				GCC_WARN_UNUSED_FUNCTION = YES;
				GCC_WARN_UNUSED_VARIABLE = YES;
				IPHONEOS_DEPLOYMENT_TARGET = 13.0;
				MTL_ENABLE_DEBUG_INFO = INCLUDE_SOURCE;
				MTL_FAST_MATH = YES;
				ONLY_ACTIVE_ARCH = YES;
				SDKROOT = iphoneos;
				SWIFT_ACTIVE_COMPILATION_CONDITIONS = DEBUG;
				SWIFT_OPTIMIZATION_LEVEL = "-Onone";
			};
			name = Debug;
		};
		4031B0B222A64D1200F76EF2 /* Release */ = {
			isa = XCBuildConfiguration;
			buildSettings = {
				ALWAYS_SEARCH_USER_PATHS = NO;
				CLANG_ANALYZER_NONNULL = YES;
				CLANG_ANALYZER_NUMBER_OBJECT_CONVERSION = YES_AGGRESSIVE;
				CLANG_CXX_LANGUAGE_STANDARD = "gnu++14";
				CLANG_CXX_LIBRARY = "libc++";
				CLANG_ENABLE_MODULES = YES;
				CLANG_ENABLE_OBJC_ARC = YES;
				CLANG_ENABLE_OBJC_WEAK = YES;
				CLANG_WARN_BLOCK_CAPTURE_AUTORELEASING = YES;
				CLANG_WARN_BOOL_CONVERSION = YES;
				CLANG_WARN_COMMA = YES;
				CLANG_WARN_CONSTANT_CONVERSION = YES;
				CLANG_WARN_DEPRECATED_OBJC_IMPLEMENTATIONS = YES;
				CLANG_WARN_DIRECT_OBJC_ISA_USAGE = YES_ERROR;
				CLANG_WARN_DOCUMENTATION_COMMENTS = YES;
				CLANG_WARN_EMPTY_BODY = YES;
				CLANG_WARN_ENUM_CONVERSION = YES;
				CLANG_WARN_INFINITE_RECURSION = YES;
				CLANG_WARN_INT_CONVERSION = YES;
				CLANG_WARN_NON_LITERAL_NULL_CONVERSION = YES;
				CLANG_WARN_OBJC_IMPLICIT_RETAIN_SELF = YES;
				CLANG_WARN_OBJC_LITERAL_CONVERSION = YES;
				CLANG_WARN_OBJC_ROOT_CLASS = YES_ERROR;
				CLANG_WARN_RANGE_LOOP_ANALYSIS = YES;
				CLANG_WARN_STRICT_PROTOTYPES = YES;
				CLANG_WARN_SUSPICIOUS_MOVE = YES;
				CLANG_WARN_UNGUARDED_AVAILABILITY = YES_AGGRESSIVE;
				CLANG_WARN_UNREACHABLE_CODE = YES;
				CLANG_WARN__DUPLICATE_METHOD_MATCH = YES;
				COPY_PHASE_STRIP = NO;
				DEBUG_INFORMATION_FORMAT = "dwarf-with-dsym";
				ENABLE_NS_ASSERTIONS = NO;
				ENABLE_STRICT_OBJC_MSGSEND = YES;
				GCC_C_LANGUAGE_STANDARD = gnu11;
				GCC_NO_COMMON_BLOCKS = YES;
				GCC_WARN_64_TO_32_BIT_CONVERSION = YES;
				GCC_WARN_ABOUT_RETURN_TYPE = YES_ERROR;
				GCC_WARN_UNDECLARED_SELECTOR = YES;
				GCC_WARN_UNINITIALIZED_AUTOS = YES_AGGRESSIVE;
				GCC_WARN_UNUSED_FUNCTION = YES;
				GCC_WARN_UNUSED_VARIABLE = YES;
				IPHONEOS_DEPLOYMENT_TARGET = 13.0;
				MTL_ENABLE_DEBUG_INFO = NO;
				MTL_FAST_MATH = YES;
				SDKROOT = iphoneos;
				SWIFT_COMPILATION_MODE = wholemodule;
				SWIFT_OPTIMIZATION_LEVEL = "-O";
				VALIDATE_PRODUCT = YES;
			};
			name = Release;
		};
		4031B0B422A64D1200F76EF2 /* Debug */ = {
			isa = XCBuildConfiguration;
			buildSettings = {
				ASSETCATALOG_COMPILER_APPICON_NAME = AppIcon;
				CODE_SIGN_STYLE = Automatic;
				DEVELOPMENT_ASSET_PATHS = "SwitUIColorPicker/Preview\\ Content";
				DEVELOPMENT_TEAM = 9SPUY3F579;
				ENABLE_PREVIEWS = YES;
				INFOPLIST_FILE = SwitUIColorPicker/Info.plist;
				LD_RUNPATH_SEARCH_PATHS = (
					"$(inherited)",
					"@executable_path/Frameworks",
				);
				PRODUCT_BUNDLE_IDENTIFIER = com.AlexChase.SwitUIColorPicker;
				PRODUCT_NAME = "$(TARGET_NAME)";
				SWIFT_VERSION = 5.0;
				TARGETED_DEVICE_FAMILY = "1,2";
			};
			name = Debug;
		};
		4031B0B522A64D1200F76EF2 /* Release */ = {
			isa = XCBuildConfiguration;
			buildSettings = {
				ASSETCATALOG_COMPILER_APPICON_NAME = AppIcon;
				CODE_SIGN_STYLE = Automatic;
				DEVELOPMENT_ASSET_PATHS = "SwitUIColorPicker/Preview\\ Content";
				DEVELOPMENT_TEAM = 9SPUY3F579;
				ENABLE_PREVIEWS = YES;
				INFOPLIST_FILE = SwitUIColorPicker/Info.plist;
				LD_RUNPATH_SEARCH_PATHS = (
					"$(inherited)",
					"@executable_path/Frameworks",
				);
				PRODUCT_BUNDLE_IDENTIFIER = com.AlexChase.SwitUIColorPicker;
				PRODUCT_NAME = "$(TARGET_NAME)";
				SWIFT_VERSION = 5.0;
				TARGETED_DEVICE_FAMILY = "1,2";
			};
			name = Release;
		};
		4031B0B722A64D1200F76EF2 /* Debug */ = {
			isa = XCBuildConfiguration;
			buildSettings = {
				ALWAYS_EMBED_SWIFT_STANDARD_LIBRARIES = YES;
				BUNDLE_LOADER = "$(TEST_HOST)";
				CODE_SIGN_STYLE = Automatic;
				DEVELOPMENT_TEAM = 9SPUY3F579;
				INFOPLIST_FILE = SwitUIColorPickerTests/Info.plist;
				LD_RUNPATH_SEARCH_PATHS = (
					"$(inherited)",
					"@executable_path/Frameworks",
					"@loader_path/Frameworks",
				);
				PRODUCT_BUNDLE_IDENTIFIER = com.AlexChase.SwitUIColorPickerTests;
				PRODUCT_NAME = "$(TARGET_NAME)";
				SWIFT_VERSION = 5.0;
				TARGETED_DEVICE_FAMILY = "1,2";
				TEST_HOST = "$(BUILT_PRODUCTS_DIR)/SwitUIColorPicker.app/SwitUIColorPicker";
			};
			name = Debug;
		};
		4031B0B822A64D1200F76EF2 /* Release */ = {
			isa = XCBuildConfiguration;
			buildSettings = {
				ALWAYS_EMBED_SWIFT_STANDARD_LIBRARIES = YES;
				BUNDLE_LOADER = "$(TEST_HOST)";
				CODE_SIGN_STYLE = Automatic;
				DEVELOPMENT_TEAM = 9SPUY3F579;
				INFOPLIST_FILE = SwitUIColorPickerTests/Info.plist;
				LD_RUNPATH_SEARCH_PATHS = (
					"$(inherited)",
					"@executable_path/Frameworks",
					"@loader_path/Frameworks",
				);
				PRODUCT_BUNDLE_IDENTIFIER = com.AlexChase.SwitUIColorPickerTests;
				PRODUCT_NAME = "$(TARGET_NAME)";
				SWIFT_VERSION = 5.0;
				TARGETED_DEVICE_FAMILY = "1,2";
				TEST_HOST = "$(BUILT_PRODUCTS_DIR)/SwitUIColorPicker.app/SwitUIColorPicker";
			};
			name = Release;
		};
/* End XCBuildConfiguration section */

/* Begin XCConfigurationList section */
		4031B08F22A64D1100F76EF2 /* Build configuration list for PBXProject "SwitUIColorPicker" */ = {
			isa = XCConfigurationList;
			buildConfigurations = (
				4031B0B122A64D1200F76EF2 /* Debug */,
				4031B0B222A64D1200F76EF2 /* Release */,
			);
			defaultConfigurationIsVisible = 0;
			defaultConfigurationName = Release;
		};
		4031B0B322A64D1200F76EF2 /* Build configuration list for PBXNativeTarget "SwitUIColorPicker" */ = {
			isa = XCConfigurationList;
			buildConfigurations = (
				4031B0B422A64D1200F76EF2 /* Debug */,
				4031B0B522A64D1200F76EF2 /* Release */,
			);
			defaultConfigurationIsVisible = 0;
			defaultConfigurationName = Release;
		};
		4031B0B622A64D1200F76EF2 /* Build configuration list for PBXNativeTarget "SwitUIColorPickerTests" */ = {
			isa = XCConfigurationList;
			buildConfigurations = (
				4031B0B722A64D1200F76EF2 /* Debug */,
				4031B0B822A64D1200F76EF2 /* Release */,
			);
			defaultConfigurationIsVisible = 0;
			defaultConfigurationName = Release;
		};
/* End XCConfigurationList section */
	};
	rootObject = 4031B08C22A64D1100F76EF2 /* Project object */;
}
